
Microsoft Visual Studio Solution File, Format Version 12.00
# Visual Studio Version 17
VisualStudioVersion = 17.11.35327.3
MinimumVisualStudioVersion = 10.0.40219.1
Project("{FAE04EC0-301F-11D3-BF4B-00C04F79EFBC}") = "MyCad", "MyCad\MyCad.csproj", "{A32A306E-A837-4B0F-8419-E54666EA4C9B}"
EndProject
Global
	GlobalSection(SolutionConfigurationPlatforms) = preSolution
		Debug|Any CPU = Debug|Any CPU
		Release|Any CPU = Release|Any CPU
	EndGlobalSection
	GlobalSection(ProjectConfigurationPlatforms) = postSolution
		{A32A306E-A837-4B0F-8419-E54666EA4C9B}.Debug|Any CPU.ActiveCfg = Debug|Any CPU
		{A32A306E-A837-4B0F-8419-E54666EA4C9B}.Debug|Any CPU.Build.0 = Debug|Any CPU
		{A32A306E-A837-4B0F-8419-E54666EA4C9B}.Release|Any CPU.ActiveCfg = Release|Any CPU
		{A32A306E-A837-4B0F-8419-E54666EA4C9B}.Release|Any CPU.Build.0 = Release|Any CPU
	EndGlobalSection
	GlobalSection(SolutionProperties) = preSolution
		HideSolutionNode = FALSE
	EndGlobalSection
	GlobalSection(ExtensibilityGlobals) = postSolution
		SolutionGuid = {F66537C5-4D93-4BF4-9349-22E7B41D252E}
	EndGlobalSection
EndGlobal
